# This file is automatically @generated by Cargo.
# It is not intended for manual editing.
version = 3

[[package]]
name = "riscv_rust_os"
version = "0.1.0"
dependencies = [
 "riscv_utils",
]

[[package]]
name = "riscv_utils"
version = "0.0.1"

[[package]]
name = "user_1"
version = "0.1.0"
dependencies = [
 "riscv_utils",
 "user_shared",
]

[[package]]
name = "user_2"
version = "0.1.0"
dependencies = [
 "riscv_utils",
 "user_shared",
]

[[package]]
name = "user_shared"
version = "0.1.0"
dependencies = [
 "riscv_utils",
]
